
Microsoft Visual Studio Solution File, Format Version 12.00
# Visual Studio Version 17
VisualStudioVersion = 17.0.31919.166
MinimumVisualStudioVersion = 10.0.40219.1
Project("{9A19103F-16F7-4668-BE54-9A1E7A4F7556}") = "DropDrag", "DropDrag\DropDrag.csproj", "{31FFB1C8-1F9D-44CA-BB2D-AB3CE9F51574}"
EndProject
Global
	GlobalSection(SolutionConfigurationPlatforms) = preSolution
		Debug|Any CPU = Debug|Any CPU
		Release|Any CPU = Release|Any CPU
	EndGlobalSection
	GlobalSection(ProjectConfigurationPlatforms) = postSolution
		{31FFB1C8-1F9D-44CA-BB2D-AB3CE9F51574}.Debug|Any CPU.ActiveCfg = Debug|Any CPU
		{31FFB1C8-1F9D-44CA-BB2D-AB3CE9F51574}.Debug|Any CPU.Build.0 = Debug|Any CPU
		{31FFB1C8-1F9D-44CA-BB2D-AB3CE9F51574}.Release|Any CPU.ActiveCfg = Release|Any CPU
		{31FFB1C8-1F9D-44CA-BB2D-AB3CE9F51574}.Release|Any CPU.Build.0 = Release|Any CPU
	EndGlobalSection
	GlobalSection(SolutionProperties) = preSolution
		HideSolutionNode = FALSE
	EndGlobalSection
	GlobalSection(ExtensibilityGlobals) = postSolution
		SolutionGuid = {E63F9569-25A0-40F0-B792-BFBD8CBCF0BA}
	EndGlobalSection
EndGlobal
